
Microsoft Visual Studio Solution File, Format Version 12.00
# Visual Studio Version 17
VisualStudioVersion = 17.3.32825.248
MinimumVisualStudioVersion = 10.0.40219.1
Project("{FAE04EC0-301F-11D3-BF4B-00C04F79EFBC}") = "ApiTest1", "ApiTest1\ApiTest1.csproj", "{F9DAC4DC-FA67-4C22-9198-6D261B6B4A4B}"
EndProject
Global
	GlobalSection(SolutionConfigurationPlatforms) = preSolution
		Debug|Any CPU = Debug|Any CPU
		Release|Any CPU = Release|Any CPU
	EndGlobalSection
	GlobalSection(ProjectConfigurationPlatforms) = postSolution
		{F9DAC4DC-FA67-4C22-9198-6D261B6B4A4B}.Debug|Any CPU.ActiveCfg = Debug|Any CPU
		{F9DAC4DC-FA67-4C22-9198-6D261B6B4A4B}.Debug|Any CPU.Build.0 = Debug|Any CPU
		{F9DAC4DC-FA67-4C22-9198-6D261B6B4A4B}.Release|Any CPU.ActiveCfg = Release|Any CPU
		{F9DAC4DC-FA67-4C22-9198-6D261B6B4A4B}.Release|Any CPU.Build.0 = Release|Any CPU
	EndGlobalSection
	GlobalSection(SolutionProperties) = preSolution
		HideSolutionNode = FALSE
	EndGlobalSection
	GlobalSection(ExtensibilityGlobals) = postSolution
		SolutionGuid = {32198F67-49C0-4314-9509-AC87C967A8B1}
	EndGlobalSection
EndGlobal
